
Microsoft Visual Studio Solution File, Format Version 12.00
# Visual Studio Version 17
VisualStudioVersion = 17.4.33213.308
MinimumVisualStudioVersion = 10.0.40219.1
Project("{FAE04EC0-301F-11D3-BF4B-00C04F79EFBC}") = "PersonelVardiyaOtomasyonu", "PersonelVardiyaOtomasyonu\PersonelVardiyaOtomasyonu.csproj", "{985200D6-DD20-4D81-9D77-36BD6623A71D}"
EndProject
Global
	GlobalSection(SolutionConfigurationPlatforms) = preSolution
		Debug|Any CPU = Debug|Any CPU
		Release|Any CPU = Release|Any CPU
	EndGlobalSection
	GlobalSection(ProjectConfigurationPlatforms) = postSolution
		{985200D6-DD20-4D81-9D77-36BD6623A71D}.Debug|Any CPU.ActiveCfg = Debug|Any CPU
		{985200D6-DD20-4D81-9D77-36BD6623A71D}.Debug|Any CPU.Build.0 = Debug|Any CPU
		{985200D6-DD20-4D81-9D77-36BD6623A71D}.Release|Any CPU.ActiveCfg = Release|Any CPU
		{985200D6-DD20-4D81-9D77-36BD6623A71D}.Release|Any CPU.Build.0 = Release|Any CPU
	EndGlobalSection
	GlobalSection(SolutionProperties) = preSolution
		HideSolutionNode = FALSE
	EndGlobalSection
	GlobalSection(ExtensibilityGlobals) = postSolution
		SolutionGuid = {8F621A2D-4D1B-4DAA-BC98-DBE7E556E7B5}
	EndGlobalSection
EndGlobal
